
Microsoft Visual Studio Solution File, Format Version 12.00
# Visual Studio Version 16
VisualStudioVersion = 16.0.31729.503
MinimumVisualStudioVersion = 10.0.40219.1
Project("{8BC9CEB8-8B4A-11D0-8D11-00A0C91BC942}") = "c++_CommandLineFPS", "c++_CommandLineFPS\c++_CommandLineFPS.vcxproj", "{F1BD6B54-F331-4408-9627-22D1FAE3A548}"
EndProject
Global
	GlobalSection(SolutionConfigurationPlatforms) = preSolution
		Debug|x64 = Debug|x64
		Debug|x86 = Debug|x86
		Release|x64 = Release|x64
		Release|x86 = Release|x86
	EndGlobalSection
	GlobalSection(ProjectConfigurationPlatforms) = postSolution
		{F1BD6B54-F331-4408-9627-22D1FAE3A548}.Debug|x64.ActiveCfg = Debug|x64
		{F1BD6B54-F331-4408-9627-22D1FAE3A548}.Debug|x64.Build.0 = Debug|x64
		{F1BD6B54-F331-4408-9627-22D1FAE3A548}.Debug|x86.ActiveCfg = Debug|Win32
		{F1BD6B54-F331-4408-9627-22D1FAE3A548}.Debug|x86.Build.0 = Debug|Win32
		{F1BD6B54-F331-4408-9627-22D1FAE3A548}.Release|x64.ActiveCfg = Release|x64
		{F1BD6B54-F331-4408-9627-22D1FAE3A548}.Release|x64.Build.0 = Release|x64
		{F1BD6B54-F331-4408-9627-22D1FAE3A548}.Release|x86.ActiveCfg = Release|Win32
		{F1BD6B54-F331-4408-9627-22D1FAE3A548}.Release|x86.Build.0 = Release|Win32
	EndGlobalSection
	GlobalSection(SolutionProperties) = preSolution
		HideSolutionNode = FALSE
	EndGlobalSection
	GlobalSection(ExtensibilityGlobals) = postSolution
		SolutionGuid = {B93AD779-32C5-4FD1-9034-B63F7DFD9D52}
	EndGlobalSection
EndGlobal
