
Microsoft Visual Studio Solution File, Format Version 12.00
# Visual Studio Version 16
VisualStudioVersion = 16.0.31729.503
MinimumVisualStudioVersion = 10.0.40219.1
Project("{8BC9CEB8-8B4A-11D0-8D11-00A0C91BC942}") = "c++_pge", "c++_pge\c++_pge.vcxproj", "{345F2855-A3A2-402F-B1BA-40D764933612}"
EndProject
Global
	GlobalSection(SolutionConfigurationPlatforms) = preSolution
		Debug|x64 = Debug|x64
		Debug|x86 = Debug|x86
		Release|x64 = Release|x64
		Release|x86 = Release|x86
	EndGlobalSection
	GlobalSection(ProjectConfigurationPlatforms) = postSolution
		{345F2855-A3A2-402F-B1BA-40D764933612}.Debug|x64.ActiveCfg = Debug|x64
		{345F2855-A3A2-402F-B1BA-40D764933612}.Debug|x64.Build.0 = Debug|x64
		{345F2855-A3A2-402F-B1BA-40D764933612}.Debug|x86.ActiveCfg = Debug|Win32
		{345F2855-A3A2-402F-B1BA-40D764933612}.Debug|x86.Build.0 = Debug|Win32
		{345F2855-A3A2-402F-B1BA-40D764933612}.Release|x64.ActiveCfg = Release|x64
		{345F2855-A3A2-402F-B1BA-40D764933612}.Release|x64.Build.0 = Release|x64
		{345F2855-A3A2-402F-B1BA-40D764933612}.Release|x86.ActiveCfg = Release|Win32
		{345F2855-A3A2-402F-B1BA-40D764933612}.Release|x86.Build.0 = Release|Win32
	EndGlobalSection
	GlobalSection(SolutionProperties) = preSolution
		HideSolutionNode = FALSE
	EndGlobalSection
	GlobalSection(ExtensibilityGlobals) = postSolution
		SolutionGuid = {94D183D6-6CA7-4527-BBC0-62B9E935699C}
	EndGlobalSection
EndGlobal
